
Microsoft Visual Studio Solution File, Format Version 12.00
# Visual Studio Version 17
VisualStudioVersion = 17.9.34728.123
MinimumVisualStudioVersion = 10.0.40219.1
Project("{9A19103F-16F7-4668-BE54-9A1E7A4F7556}") = "library_api", "library_api\library_api.csproj", "{ADAE3CBF-BF06-4B3A-A225-89A144FAEDB0}"
EndProject
Project("{FAE04EC0-301F-11D3-BF4B-00C04F79EFBC}") = "library_api.Tests", "library_api.Tests\library_api.Tests.csproj", "{9ED0187F-1BA3-4A44-ACE1-FA4DE1F38D1A}"
EndProject
Global
	GlobalSection(SolutionConfigurationPlatforms) = preSolution
		Debug|Any CPU = Debug|Any CPU
		Release|Any CPU = Release|Any CPU
	EndGlobalSection
	GlobalSection(ProjectConfigurationPlatforms) = postSolution
		{ADAE3CBF-BF06-4B3A-A225-89A144FAEDB0}.Debug|Any CPU.ActiveCfg = Debug|Any CPU
		{ADAE3CBF-BF06-4B3A-A225-89A144FAEDB0}.Debug|Any CPU.Build.0 = Debug|Any CPU
		{ADAE3CBF-BF06-4B3A-A225-89A144FAEDB0}.Release|Any CPU.ActiveCfg = Release|Any CPU
		{ADAE3CBF-BF06-4B3A-A225-89A144FAEDB0}.Release|Any CPU.Build.0 = Release|Any CPU
		{9ED0187F-1BA3-4A44-ACE1-FA4DE1F38D1A}.Debug|Any CPU.ActiveCfg = Debug|Any CPU
		{9ED0187F-1BA3-4A44-ACE1-FA4DE1F38D1A}.Debug|Any CPU.Build.0 = Debug|Any CPU
		{9ED0187F-1BA3-4A44-ACE1-FA4DE1F38D1A}.Release|Any CPU.ActiveCfg = Release|Any CPU
		{9ED0187F-1BA3-4A44-ACE1-FA4DE1F38D1A}.Release|Any CPU.Build.0 = Release|Any CPU
	EndGlobalSection
	GlobalSection(SolutionProperties) = preSolution
		HideSolutionNode = FALSE
	EndGlobalSection
	GlobalSection(ExtensibilityGlobals) = postSolution
		SolutionGuid = {452316EA-8943-4792-B5EF-559B81EDB93A}
	EndGlobalSection
EndGlobal
